
Microsoft Visual Studio Solution File, Format Version 12.00
# Visual Studio Version 17
VisualStudioVersion = 17.14.36518.9
MinimumVisualStudioVersion = 10.0.40219.1
Project("{FAE04EC0-301F-11D3-BF4B-00C04F79EFBC}") = "AkıllıTrafikSistemi", "AkıllıTrafikSistemi.csproj", "{19C854EE-8297-4B22-BA85-B5A8153A663B}"
EndProject
Global
	GlobalSection(SolutionConfigurationPlatforms) = preSolution
		Debug|Any CPU = Debug|Any CPU
		Release|Any CPU = Release|Any CPU
	EndGlobalSection
	GlobalSection(ProjectConfigurationPlatforms) = postSolution
		{19C854EE-8297-4B22-BA85-B5A8153A663B}.Debug|Any CPU.ActiveCfg = Debug|Any CPU
		{19C854EE-8297-4B22-BA85-B5A8153A663B}.Debug|Any CPU.Build.0 = Debug|Any CPU
		{19C854EE-8297-4B22-BA85-B5A8153A663B}.Release|Any CPU.ActiveCfg = Release|Any CPU
		{19C854EE-8297-4B22-BA85-B5A8153A663B}.Release|Any CPU.Build.0 = Release|Any CPU
	EndGlobalSection
	GlobalSection(SolutionProperties) = preSolution
		HideSolutionNode = FALSE
	EndGlobalSection
	GlobalSection(ExtensibilityGlobals) = postSolution
		SolutionGuid = {B47A5048-3DED-4C33-9646-EE11ED30EBBA}
	EndGlobalSection
EndGlobal
